{
  "nodes": {
    "flakeNimbleLib": {
      "inputs": {
        "nixpkgs": [
          "nixpkgs"
        ]
      },
      "locked": {
        "lastModified": 1662018438,
        "narHash": "sha256-QtNtU6+LX3Wokxf0zlFwKTFOcn6TeDjKQZ+DA9OYtvM=",
        "owner": "riinr",
        "repo": "nim-flakes-lib",
        "rev": "b1fe8340736e3a85d25c709ac3dfd82a55c03cbf",
        "type": "github"
      },
      "original": {
        "owner": "riinr",
        "ref": "master",
        "repo": "nim-flakes-lib",
        "type": "github"
      }
    },
    "nixpkgs": {
      "locked": {
        "lastModified": 1667110639,
        "narHash": "sha256-4FbPESZ5LbqQxkJJJBAfk/zKgF9h/4kyUwjjpJwYlbc=",
        "owner": "NixOS",
        "repo": "nixpkgs",
        "rev": "f38a1f04d1bec1feb61fd101a0539ae2002a7087",
        "type": "github"
      },
      "original": {
        "id": "nixpkgs",
        "type": "indirect"
      }
    },
    "root": {
      "inputs": {
        "flakeNimbleLib": "flakeNimbleLib",
        "nixpkgs": "nixpkgs",
        "tinyfiledialogs-master": "tinyfiledialogs-master"
      }
    },
    "src-tinyfiledialogs-master": {
      "flake": false,
      "locked": {
        "lastModified": 1662157744,
        "narHash": "sha256-gT6tKRgLPyzz6WIFNewUFOavBeRdmtJi6UqSr3Cigfc=",
        "owner": "juancarlospaco",
        "repo": "nim-tinyfiledialogs",
        "rev": "e64a3d68b1f526296055784cf312e1697b8dc667",
        "type": "github"
      },
      "original": {
        "owner": "juancarlospaco",
        "ref": "refs/heads/master",
        "repo": "nim-tinyfiledialogs",
        "type": "github"
      }
    },
    "tinyfiledialogs-master": {
      "inputs": {
        "flakeNimbleLib": [
          "flakeNimbleLib"
        ],
        "nixpkgs": [
          "nixpkgs"
        ],
        "src-tinyfiledialogs-master": "src-tinyfiledialogs-master"
      },
      "locked": {
        "dir": "master",
        "lastModified": 1662254890,
        "narHash": "sha256-3HZaARtobM0ctIItvF00JUu7+R463P+ReOBQhvHXlnQ=",
        "owner": "nim-nix-pkgs",
        "repo": "tinyfiledialogs",
        "rev": "8ed8a1c172a1de1c679d4e8ada4cb113cadfcc09",
        "type": "github"
      },
      "original": {
        "dir": "master",
        "owner": "nim-nix-pkgs",
        "ref": "master",
        "repo": "tinyfiledialogs",
        "type": "github"
      }
    }
  },
  "root": "root",
  "version": 7
}
